// !$*UTF8*$!
{
	archiveVersion = 1;
	classes = {
	};
	objectVersion = 46;
	objects = {

/* Begin PBXBuildFile section */
		848EE5851FAC154A00DA1E43 /* CameraEngine.m in Sources */ = {isa = PBXBuildFile; fileRef = 848EE5841FAC154A00DA1E43 /* CameraEngine.m */; };
		8497609B1FAC0BF80044C681 /* AppDelegate.m in Sources */ = {isa = PBXBuildFile; fileRef = 8497609A1FAC0BF80044C681 /* AppDelegate.m */; };
		8497609E1FAC0BF80044C681 /* main.m in Sources */ = {isa = PBXBuildFile; fileRef = 8497609D1FAC0BF80044C681 /* main.m */; };
		849760A01FAC0BF80044C681 /* Assets.xcassets in Resources */ = {isa = PBXBuildFile; fileRef = 8497609F1FAC0BF80044C681 /* Assets.xcassets */; };
		849760A31FAC0BF80044C681 /* MainMenu.xib in Resources */ = {isa = PBXBuildFile; fileRef = 849760A11FAC0BF80044C681 /* MainMenu.xib */; };
/* End PBXBuildFile section */

/* Begin PBXFileReference section */
		848EE5831FAC154A00DA1E43 /* CameraEngine.h */ = {isa = PBXFileReference; fileEncoding = 4; lastKnownFileType = sourcecode.c.h; path = CameraEngine.h; sourceTree = "<group>"; };
		848EE5841FAC154A00DA1E43 /* CameraEngine.m */ = {isa = PBXFileReference; fileEncoding = 4; lastKnownFileType = sourcecode.c.objc; path = CameraEngine.m; sourceTree = "<group>"; };
		849760961FAC0BF80044C681 /* AVFCapturer.app */ = {isa = PBXFileReference; explicitFileType = wrapper.application; includeInIndex = 0; path = AVFCapturer.app; sourceTree = BUILT_PRODUCTS_DIR; };
		849760991FAC0BF80044C681 /* AppDelegate.h */ = {isa = PBXFileReference; lastKnownFileType = sourcecode.c.h; path = AppDelegate.h; sourceTree = "<group>"; };
		8497609A1FAC0BF80044C681 /* AppDelegate.m */ = {isa = PBXFileReference; lastKnownFileType = sourcecode.c.objc; path = AppDelegate.m; sourceTree = "<group>"; };
		8497609D1FAC0BF80044C681 /* main.m */ = {isa = PBXFileReference; lastKnownFileType = sourcecode.c.objc; path = main.m; sourceTree = "<group>"; };
		8497609F1FAC0BF80044C681 /* Assets.xcassets */ = {isa = PBXFileReference; lastKnownFileType = folder.assetcatalog; path = Assets.xcassets; sourceTree = "<group>"; };
		849760A21FAC0BF80044C681 /* Base */ = {isa = PBXFileReference; lastKnownFileType = file.xib; name = Base; path = Base.lproj/MainMenu.xib; sourceTree = "<group>"; };
		849760A41FAC0BF80044C681 /* Info.plist */ = {isa = PBXFileReference; lastKnownFileType = text.plist.xml; path = Info.plist; sourceTree = "<group>"; };
/* End PBXFileReference section */

/* Begin PBXFrameworksBuildPhase section */
		849760931FAC0BF80044C681 /* Frameworks */ = {
			isa = PBXFrameworksBuildPhase;
			buildActionMask = 2147483647;
			files = (
			);
			runOnlyForDeploymentPostprocessing = 0;
		};
/* End PBXFrameworksBuildPhase section */

/* Begin PBXGroup section */
		8497608D1FAC0BF80044C681 = {
			isa = PBXGroup;
			children = (
				849760981FAC0BF80044C681 /* AVFCapturer */,
				849760971FAC0BF80044C681 /* Products */,
			);
			sourceTree = "<group>";
		};
		849760971FAC0BF80044C681 /* Products */ = {
			isa = PBXGroup;
			children = (
				849760961FAC0BF80044C681 /* AVFCapturer.app */,
			);
			name = Products;
			sourceTree = "<group>";
		};
		849760981FAC0BF80044C681 /* AVFCapturer */ = {
			isa = PBXGroup;
			children = (
				849760991FAC0BF80044C681 /* AppDelegate.h */,
				8497609A1FAC0BF80044C681 /* AppDelegate.m */,
				8497609F1FAC0BF80044C681 /* Assets.xcassets */,
				849760A11FAC0BF80044C681 /* MainMenu.xib */,
				849760A41FAC0BF80044C681 /* Info.plist */,
				8497609C1FAC0BF80044C681 /* Supporting Files */,
				848EE5831FAC154A00DA1E43 /* CameraEngine.h */,
				848EE5841FAC154A00DA1E43 /* CameraEngine.m */,
			);
			path = AVFCapturer;
			sourceTree = "<group>";
		};
		8497609C1FAC0BF80044C681 /* Supporting Files */ = {
			isa = PBXGroup;
			children = (
				8497609D1FAC0BF80044C681 /* main.m */,
			);
			name = "Supporting Files";
			sourceTree = "<group>";
		};
/* End PBXGroup section */

/* Begin PBXNativeTarget section */
		849760951FAC0BF80044C681 /* AVFCapturer */ = {
			isa = PBXNativeTarget;
			buildConfigurationList = 849760A71FAC0BF80044C681 /* Build configuration list for PBXNativeTarget "AVFCapturer" */;
			buildPhases = (
				849760921FAC0BF80044C681 /* Sources */,
				849760931FAC0BF80044C681 /* Frameworks */,
				849760941FAC0BF80044C681 /* Resources */,
			);
			buildRules = (
			);
			dependencies = (
			);
			name = AVFCapturer;
			productName = AVFCapturer;
			productReference = 849760961FAC0BF80044C681 /* AVFCapturer.app */;
			productType = "com.apple.product-type.application";
		};
/* End PBXNativeTarget section */

/* Begin PBXProject section */
		8497608E1FAC0BF80044C681 /* Project object */ = {
			isa = PBXProject;
			attributes = {
				LastUpgradeCheck = 0800;
				ORGANIZATIONNAME = "Edison Software Development";
				TargetAttributes = {
					849760951FAC0BF80044C681 = {
						CreatedOnToolsVersion = 8.0;
						ProvisioningStyle = Automatic;
					};
				};
			};
			buildConfigurationList = 849760911FAC0BF80044C681 /* Build configuration list for PBXProject "AVFCapturer" */;
			compatibilityVersion = "Xcode 3.2";
			developmentRegion = English;
			hasScannedForEncodings = 0;
			knownRegions = (
				en,
				Base,
			);
			mainGroup = 8497608D1FAC0BF80044C681;
			productRefGroup = 849760971FAC0BF80044C681 /* Products */;
			projectDirPath = "";
			projectRoot = "";
			targets = (
				849760951FAC0BF80044C681 /* AVFCapturer */,
			);
		};
/* End PBXProject section */

/* Begin PBXResourcesBuildPhase section */
		849760941FAC0BF80044C681 /* Resources */ = {
			isa = PBXResourcesBuildPhase;
			buildActionMask = 2147483647;
			files = (
				849760A01FAC0BF80044C681 /* Assets.xcassets in Resources */,
				849760A31FAC0BF80044C681 /* MainMenu.xib in Resources */,
			);
			runOnlyForDeploymentPostprocessing = 0;
		};
/* End PBXResourcesBuildPhase section */

/* Begin PBXSourcesBuildPhase section */
		849760921FAC0BF80044C681 /* Sources */ = {
			isa = PBXSourcesBuildPhase;
			buildActionMask = 2147483647;
			files = (
				8497609E1FAC0BF80044C681 /* main.m in Sources */,
				848EE5851FAC154A00DA1E43 /* CameraEngine.m in Sources */,
				8497609B1FAC0BF80044C681 /* AppDelegate.m in Sources */,
			);
			runOnlyForDeploymentPostprocessing = 0;
		};
/* End PBXSourcesBuildPhase section */

/* Begin PBXVariantGroup section */
		849760A11FAC0BF80044C681 /* MainMenu.xib */ = {
			isa = PBXVariantGroup;
			children = (
				849760A21FAC0BF80044C681 /* Base */,
			);
			name = MainMenu.xib;
			sourceTree = "<group>";
		};
/* End PBXVariantGroup section */

/* Begin XCBuildConfiguration section */
		849760A51FAC0BF80044C681 /* Debug */ = {
			isa = XCBuildConfiguration;
			buildSettings = {
				ALWAYS_SEARCH_USER_PATHS = NO;
				CLANG_ANALYZER_NONNULL = YES;
				CLANG_CXX_LANGUAGE_STANDARD = "gnu++0x";
				CLANG_CXX_LIBRARY = "libc++";
				CLANG_ENABLE_MODULES = YES;
				CLANG_ENABLE_OBJC_ARC = YES;
				CLANG_WARN_BOOL_CONVERSION = YES;
				CLANG_WARN_CONSTANT_CONVERSION = YES;
				CLANG_WARN_DIRECT_OBJC_ISA_USAGE = YES_ERROR;
				CLANG_WARN_DOCUMENTATION_COMMENTS = YES;
				CLANG_WARN_EMPTY_BODY = YES;
				CLANG_WARN_ENUM_CONVERSION = YES;
				CLANG_WARN_INFINITE_RECURSION = YES;
				CLANG_WARN_INT_CONVERSION = YES;
				CLANG_WARN_OBJC_ROOT_CLASS = YES_ERROR;
				CLANG_WARN_SUSPICIOUS_MOVES = YES;
				CLANG_WARN_UNREACHABLE_CODE = YES;
				CLANG_WARN__DUPLICATE_METHOD_MATCH = YES;
				CODE_SIGN_IDENTITY = "-";
				COPY_PHASE_STRIP = NO;
				DEBUG_INFORMATION_FORMAT = dwarf;
				ENABLE_STRICT_OBJC_MSGSEND = YES;
				ENABLE_TESTABILITY = YES;
				GCC_C_LANGUAGE_STANDARD = gnu99;
				GCC_DYNAMIC_NO_PIC = NO;
				GCC_NO_COMMON_BLOCKS = YES;
				GCC_OPTIMIZATION_LEVEL = 0;
				GCC_PREPROCESSOR_DEFINITIONS = (
					"DEBUG=1",
					"$(inherited)",
				);
				GCC_WARN_64_TO_32_BIT_CONVERSION = YES;
				GCC_WARN_ABOUT_RETURN_TYPE = YES_ERROR;
				GCC_WARN_UNDECLARED_SELECTOR = YES;
				GCC_WARN_UNINITIALIZED_AUTOS = YES_AGGRESSIVE;
				GCC_WARN_UNUSED_FUNCTION = YES;
				GCC_WARN_UNUSED_VARIABLE = YES;
				MACOSX_DEPLOYMENT_TARGET = 10.11;
				MTL_ENABLE_DEBUG_INFO = YES;
				ONLY_ACTIVE_ARCH = YES;
				SDKROOT = macosx;
			};
			name = Debug;
		};
		849760A61FAC0BF80044C681 /* Release */ = {
			isa = XCBuildConfiguration;
			buildSettings = {
				ALWAYS_SEARCH_USER_PATHS = NO;
				CLANG_ANALYZER_NONNULL = YES;
				CLANG_CXX_LANGUAGE_STANDARD = "gnu++0x";
				CLANG_CXX_LIBRARY = "libc++";
				CLANG_ENABLE_MODULES = YES;
				CLANG_ENABLE_OBJC_ARC = YES;
				CLANG_WARN_BOOL_CONVERSION = YES;
				CLANG_WARN_CONSTANT_CONVERSION = YES;
				CLANG_WARN_DIRECT_OBJC_ISA_USAGE = YES_ERROR;
				CLANG_WARN_DOCUMENTATION_COMMENTS = YES;
				CLANG_WARN_EMPTY_BODY = YES;
				CLANG_WARN_ENUM_CONVERSION = YES;
				CLANG_WARN_INFINITE_RECURSION = YES;
				CLANG_WARN_INT_CONVERSION = YES;
				CLANG_WARN_OBJC_ROOT_CLASS = YES_ERROR;
				CLANG_WARN_SUSPICIOUS_MOVES = YES;
				CLANG_WARN_UNREACHABLE_CODE = YES;
				CLANG_WARN__DUPLICATE_METHOD_MATCH = YES;
				CODE_SIGN_IDENTITY = "-";
				COPY_PHASE_STRIP = NO;
				DEBUG_INFORMATION_FORMAT = "dwarf-with-dsym";
				ENABLE_NS_ASSERTIONS = NO;
				ENABLE_STRICT_OBJC_MSGSEND = YES;
				GCC_C_LANGUAGE_STANDARD = gnu99;
				GCC_NO_COMMON_BLOCKS = YES;
				GCC_WARN_64_TO_32_BIT_CONVERSION = YES;
				GCC_WARN_ABOUT_RETURN_TYPE = YES_ERROR;
				GCC_WARN_UNDECLARED_SELECTOR = YES;
				GCC_WARN_UNINITIALIZED_AUTOS = YES_AGGRESSIVE;
				GCC_WARN_UNUSED_FUNCTION = YES;
				GCC_WARN_UNUSED_VARIABLE = YES;
				MACOSX_DEPLOYMENT_TARGET = 10.11;
				MTL_ENABLE_DEBUG_INFO = NO;
				SDKROOT = macosx;
			};
			name = Release;
		};
		849760A81FAC0BF80044C681 /* Debug */ = {
			isa = XCBuildConfiguration;
			buildSettings = {
				ASSETCATALOG_COMPILER_APPICON_NAME = AppIcon;
				COMBINE_HIDPI_IMAGES = YES;
				INFOPLIST_FILE = AVFCapturer/Info.plist;
				LD_RUNPATH_SEARCH_PATHS = "$(inherited) @executable_path/../Frameworks";
				PRODUCT_BUNDLE_IDENTIFIER = com.edison.AVFCapturer;
				PRODUCT_NAME = "$(TARGET_NAME)";
			};
			name = Debug;
		};
		849760A91FAC0BF80044C681 /* Release */ = {
			isa = XCBuildConfiguration;
			buildSettings = {
				ASSETCATALOG_COMPILER_APPICON_NAME = AppIcon;
				COMBINE_HIDPI_IMAGES = YES;
				INFOPLIST_FILE = AVFCapturer/Info.plist;
				LD_RUNPATH_SEARCH_PATHS = "$(inherited) @executable_path/../Frameworks";
				PRODUCT_BUNDLE_IDENTIFIER = com.edison.AVFCapturer;
				PRODUCT_NAME = "$(TARGET_NAME)";
			};
			name = Release;
		};
/* End XCBuildConfiguration section */

/* Begin XCConfigurationList section */
		849760911FAC0BF80044C681 /* Build configuration list for PBXProject "AVFCapturer" */ = {
			isa = XCConfigurationList;
			buildConfigurations = (
				849760A51FAC0BF80044C681 /* Debug */,
				849760A61FAC0BF80044C681 /* Release */,
			);
			defaultConfigurationIsVisible = 0;
			defaultConfigurationName = Release;
		};
		849760A71FAC0BF80044C681 /* Build configuration list for PBXNativeTarget "AVFCapturer" */ = {
			isa = XCConfigurationList;
			buildConfigurations = (
				849760A81FAC0BF80044C681 /* Debug */,
				849760A91FAC0BF80044C681 /* Release */,
			);
			defaultConfigurationIsVisible = 0;
			defaultConfigurationName = Release;
		};
/* End XCConfigurationList section */
	};
	rootObject = 8497608E1FAC0BF80044C681 /* Project object */;
}
